{
  "name": "as-heap-analyzer",
  "version": "0.0.0",
  "lockfileVersion": 3,
  "requires": true,
  "packages": {
    "": {
      "name": "as-heap-analyzer",
      "version": "0.0.0",
      "license": "MIT",
      "dependencies": {
        "wasmparser": "^5.11.1"
      },
      "bin": {
        "as-heap-analyzer": "bin/cli.js"
      },
      "devDependencies": {},
      "engines": {
        "node": ">=18.0.0"
      }
    },
    "node_modules/@types/node": {
      "version": "18.19.130",
      "resolved": "https://registry.npmjs.org/@types/node/-/node-18.19.130.tgz",
      "integrity": "sha512-GRaXQx6jGfL8sKfaIDD6OupbIHBr9jv7Jnaml9tB7l4v068PAOXqfcujMMo5PhbIs6ggR1XODELqahT2R8v0fg==",
      "license": "MIT",
      "dependencies": {
        "undici-types": "~5.26.4"
      }
    },
    "node_modules/undici-types": {
      "version": "5.26.5",
      "resolved": "https://registry.npmjs.org/undici-types/-/undici-types-5.26.5.tgz",
      "integrity": "sha512-JlCMO+ehdEIKqlFxk6IfVoAUVmgz7cU7zD/h9XZ0qzeosSHmUJVOzSQvvYSYWXkFXC+IfLKSIffhv0sVZup6pA==",
      "license": "MIT"
    },
    "node_modules/wasmparser": {
      "version": "5.11.1",
      "resolved": "https://registry.npmjs.org/wasmparser/-/wasmparser-5.11.1.tgz",
      "integrity": "sha512-vBBLwR/t9torELv+Pi1qZeYFng3pTWKUoD3gHTX9pVQb3Esv9nca8nT9/dXNpnGJMN/bsgYuKwA46UFaAOgzxg==",
      "license": "Apache-2.0",
      "dependencies": {
        "@types/node": "^18.16.3"
      },
      "bin": {
        "disassemble-wasm": "disassemble-wasm.js"
      }
    }
  }
}
