{
  "name": "warpo-debugger",
  "version": "0.0.1",
  "lockfileVersion": 3,
  "requires": true,
  "packages": {
    "": {
      "name": "warpo-debugger",
      "version": "0.0.1",
      "license": "Apache-2.0",
      "dependencies": {
        "@vscode/debugadapter": "^1.65.0",
        "@vscode/debugprotocol": "^1.65.0"
      },
      "devDependencies": {},
      "engines": {
        "vscode": "^1.80.0"
      }
    },
    "node_modules/@vscode/debugadapter": {
      "version": "1.68.0",
      "resolved": "https://registry.npmjs.org/@vscode/debugadapter/-/debugadapter-1.68.0.tgz",
      "integrity": "sha512-D6gk5Fw2y4FV8oYmltoXpj+VAZexxJFopN/mcZ6YcgzQE9dgq2L45Aj3GLxScJOD6GeLILcxJIaA8l3v11esGg==",
      "license": "MIT",
      "dependencies": {
        "@vscode/debugprotocol": "1.68.0"
      },
      "engines": {
        "node": ">=14"
      }
    },
    "node_modules/@vscode/debugprotocol": {
      "version": "1.68.0",
      "resolved": "https://registry.npmjs.org/@vscode/debugprotocol/-/debugprotocol-1.68.0.tgz",
      "integrity": "sha512-2J27dysaXmvnfuhFGhfeuxfHRXunqNPxtBoR3koiTOA9rdxWNDTa1zIFLCFMSHJ9MPTPKFcBeblsyaCJCIlQxg==",
      "license": "MIT"
    }
  }
}
